filippo.io/edwards25519 v1.1.0 h1:FNf4tywRC1HmFuKW5xopWpigGjJKiJSV0Cqo0cJWDaA=
filippo.io/edwards25519 v1.1.0/go.mod h1:BxyFTGdWcka3PhytdK4V28tE5sGfRvvvRV7EaN4VDT4=
github.com/go-sql-driver/mysql v1.7.0/go.mod h1:OXbVy3sEdcQ2Doequ6Z5BW6fXNQTmx+9S1MCJN5yJMI=
github.com/go-sql-driver/mysql v1.8.1 h1:LedoTUt/eveggdHS9qUFC1EFSa8bU2+1pZjSRpvNJ1Y=
github.com/go-sql-driver/mysql v1.8.1/go.mod h1:wEBSXgmK//2ZFJyE+qWnIsVGmvmEKlqwuVSjsCm7DZg=
github.com/jinzhu/inflection v1.0.0 h1:K317FqzuhWc8YvSVlFMCCUb36O/S9MCKRDI7QkRKD/E=
github.com/jinzhu/inflection v1.0.0/go.mod h1:h+uFLlag+Qp1Va5pdKtLDYj+kHp5pxUVkryuEj+Srlc=
github.com/jinzhu/now v1.1.5 h1:/o9tlHleP7gOFmsnYNz3RGnqzefHA47wQpKrrdTIwXQ=
github.com/jinzhu/now v1.1.5/go.mod h1:d3SSVoowX0Lcu0IBviAWJpolVfI5UJVZZ7cO71lE/z8=
github.com/op/go-logging v0.0.0-20160315200505-970db520ece7 h1:lDH9UUVJtmYCjyT0CI4q8xvlXPxeZ0gYCVvWbmPlp88=
github.com/op/go-logging v0.0.0-20160315200505-970db520ece7/go.mod h1:HzydrMdWErDVzsI23lYNej1Htcns9BCg93Dk0bBINWk=
github.com/pankaj91as/open-weather-api/common/models v0.0.0-20240426000544-42c73a1ee741 h1:DVCIfBQuNxQTxsMMKC6m26q3R/ctjuFW0S9mREVg4Gc=
github.com/pankaj91as/open-weather-api/common/models v0.0.0-20240426000544-42c73a1ee741/go.mod h1:e+sCE7RY6h+cmHHhu0sdLa+NDGzMbbw5UVCZY0O9ou0=
github.com/pankaj91as/open-weather-api/common/models v0.0.0-20240426003418-12d4da1e124e h1:5/Kd85GxkBHT/b9b5rmL3fJ1q1jcoDTEL0oDA3m+LB4=
github.com/pankaj91as/open-weather-api/common/models v0.0.0-20240426003418-12d4da1e124e/go.mod h1:e+sCE7RY6h+cmHHhu0sdLa+NDGzMbbw5UVCZY0O9ou0=
github.com/pankaj91as/open-weather-api/pkg/db v0.0.0-20240426000544-42c73a1ee741 h1:qDTrQEkkoNgfCTU19SmxRSGeAonQ1mt9JdLKFE6mmQU=
github.com/pankaj91as/open-weather-api/pkg/db v0.0.0-20240426000544-42c73a1ee741/go.mod h1:u6QzVtG/ReBqzx5gaOZ2C2DHP+A6/QcAvJypaLsfGYM=
github.com/pankaj91as/open-weather-api/pkg/paggination v0.0.0-20240426000544-42c73a1ee741 h1:WMVw32S5W84zP5VLIlwwq7zBhhTjeRfR9GsmTGOKayQ=
github.com/pankaj91as/open-weather-api/pkg/paggination v0.0.0-20240426000544-42c73a1ee741/go.mod h1:CMIlv8f6Y53qS/qHrRc6veuucsqY0KexvEfMJVpGVMI=
gorm.io/driver/mysql v1.5.6 h1:Ld4mkIickM+EliaQZQx3uOJDJHtrd70MxAUqWqlx3Y8=
gorm.io/driver/mysql v1.5.6/go.mod h1:sEtPWMiqiN1N1cMXoXmBbd8C6/l+TESwriotuRRpkDM=
gorm.io/gorm v1.25.7/go.mod h1:hbnx/Oo0ChWMn1BIhpy1oYozzpM15i4YPuHDmfYtwg8=
gorm.io/gorm v1.25.9 h1:wct0gxZIELDk8+ZqF/MVnHLkA1rvYlBWUMv2EdsK1g8=
gorm.io/gorm v1.25.9/go.mod h1:hbnx/Oo0ChWMn1BIhpy1oYozzpM15i4YPuHDmfYtwg8=
